
Microsoft Visual Studio Solution File, Format Version 12.00
# Visual Studio Version 16
VisualStudioVersion = 16.0.30717.126
MinimumVisualStudioVersion = 10.0.40219.1
Project("{FAE04EC0-301F-11D3-BF4B-00C04F79EFBC}") = "Accés Distant", "Accés Distant\Accés Distant.csproj", "{132B7365-D4D1-48B6-B5AE-36DCA270BA6E}"
EndProject
Global
	GlobalSection(SolutionConfigurationPlatforms) = preSolution
		Debug|Any CPU = Debug|Any CPU
		Release|Any CPU = Release|Any CPU
	EndGlobalSection
	GlobalSection(ProjectConfigurationPlatforms) = postSolution
		{132B7365-D4D1-48B6-B5AE-36DCA270BA6E}.Debug|Any CPU.ActiveCfg = Debug|Any CPU
		{132B7365-D4D1-48B6-B5AE-36DCA270BA6E}.Debug|Any CPU.Build.0 = Debug|Any CPU
		{132B7365-D4D1-48B6-B5AE-36DCA270BA6E}.Release|Any CPU.ActiveCfg = Release|Any CPU
		{132B7365-D4D1-48B6-B5AE-36DCA270BA6E}.Release|Any CPU.Build.0 = Release|Any CPU
	EndGlobalSection
	GlobalSection(SolutionProperties) = preSolution
		HideSolutionNode = FALSE
	EndGlobalSection
	GlobalSection(ExtensibilityGlobals) = postSolution
		SolutionGuid = {7FEC541F-A966-4893-B645-D6B0E94652A7}
	EndGlobalSection
EndGlobal
